// !$*UTF8*$!
{
	archiveVersion = 1;
	classes = {
	};
	objectVersion = 51;
	objects = {

/* Begin PBXBuildFile section */
		26BD9937CE64622C365E360C /* Pods_Azan.framework in Frameworks */ = {isa = PBXBuildFile; fileRef = D9D53C2121C8AEBC8FE594EB /* Pods_Azan.framework */; };
		4DBF795AA2D8BC266FAF735B /* Pods_AzanTests.framework in Frameworks */ = {isa = PBXBuildFile; fileRef = 2407EF5E6E150C61D7020B0B /* Pods_AzanTests.framework */; };
		986DD5D32452F3EB000DDE76 /* SettingsView.swift in Sources */ = {isa = PBXBuildFile; fileRef = 986DD5D22452F3EB000DDE76 /* SettingsView.swift */; };
		986DD5D524532D6C000DDE76 /* AsarCalculationMethod.swift in Sources */ = {isa = PBXBuildFile; fileRef = 986DD5D424532D6C000DDE76 /* AsarCalculationMethod.swift */; };
		98733F6624691F4400B35C83 /* HeaderView.swift in Sources */ = {isa = PBXBuildFile; fileRef = 98733F6524691F4400B35C83 /* HeaderView.swift */; };
		98733F692469264B00B35C83 /* CalculationMethodView.swift in Sources */ = {isa = PBXBuildFile; fileRef = 98733F682469264B00B35C83 /* CalculationMethodView.swift */; };
		98B5DD4B244B342100C74586 /* AppDelegate.swift in Sources */ = {isa = PBXBuildFile; fileRef = 98B5DD4A244B342100C74586 /* AppDelegate.swift */; };
		98B5DD4D244B342100C74586 /* SceneDelegate.swift in Sources */ = {isa = PBXBuildFile; fileRef = 98B5DD4C244B342100C74586 /* SceneDelegate.swift */; };
		98B5DD4F244B342100C74586 /* ContentView.swift in Sources */ = {isa = PBXBuildFile; fileRef = 98B5DD4E244B342100C74586 /* ContentView.swift */; };
		98B5DD51244B342300C74586 /* Assets.xcassets in Resources */ = {isa = PBXBuildFile; fileRef = 98B5DD50244B342300C74586 /* Assets.xcassets */; };
		98B5DD54244B342300C74586 /* Preview Assets.xcassets in Resources */ = {isa = PBXBuildFile; fileRef = 98B5DD53244B342300C74586 /* Preview Assets.xcassets */; };
		98B5DD57244B342300C74586 /* LaunchScreen.storyboard in Resources */ = {isa = PBXBuildFile; fileRef = 98B5DD55244B342300C74586 /* LaunchScreen.storyboard */; };
		98B5DD62244B342300C74586 /* AzanTests.swift in Sources */ = {isa = PBXBuildFile; fileRef = 98B5DD61244B342300C74586 /* AzanTests.swift */; };
		98B5DD6D244B4E7C00C74586 /* LocationWorker.swift in Sources */ = {isa = PBXBuildFile; fileRef = 98B5DD6C244B4E7C00C74586 /* LocationWorker.swift */; };
		98B5DD6F244B557F00C74586 /* ContentViewModel.swift in Sources */ = {isa = PBXBuildFile; fileRef = 98B5DD6E244B557F00C74586 /* ContentViewModel.swift */; };
		98BB0AAE244C146F0091F0CF /* SolatWorker.swift in Sources */ = {isa = PBXBuildFile; fileRef = 98BB0AAD244C146F0091F0CF /* SolatWorker.swift */; };
		98BB0AB0244C33A40091F0CF /* SolatView.swift in Sources */ = {isa = PBXBuildFile; fileRef = 98BB0AAF244C33A40091F0CF /* SolatView.swift */; };
/* End PBXBuildFile section */

/* Begin PBXContainerItemProxy section */
		98B5DD5E244B342300C74586 /* PBXContainerItemProxy */ = {
			isa = PBXContainerItemProxy;
			containerPortal = 98B5DD3F244B342000C74586 /* Project object */;
			proxyType = 1;
			remoteGlobalIDString = 98B5DD46244B342100C74586;
			remoteInfo = Azan;
		};
/* End PBXContainerItemProxy section */

/* Begin PBXFileReference section */
		2407EF5E6E150C61D7020B0B /* Pods_AzanTests.framework */ = {isa = PBXFileReference; explicitFileType = wrapper.framework; includeInIndex = 0; path = Pods_AzanTests.framework; sourceTree = BUILT_PRODUCTS_DIR; };
		55C0DA06B080AB9D610BCA15 /* Pods-Azan.release.xcconfig */ = {isa = PBXFileReference; includeInIndex = 1; lastKnownFileType = text.xcconfig; name = "Pods-Azan.release.xcconfig"; path = "Target Support Files/Pods-Azan/Pods-Azan.release.xcconfig"; sourceTree = "<group>"; };
		720E90CFD16E3987570542E5 /* Pods-AzanTests.debug.xcconfig */ = {isa = PBXFileReference; includeInIndex = 1; lastKnownFileType = text.xcconfig; name = "Pods-AzanTests.debug.xcconfig"; path = "Target Support Files/Pods-AzanTests/Pods-AzanTests.debug.xcconfig"; sourceTree = "<group>"; };
		986DD5D22452F3EB000DDE76 /* SettingsView.swift */ = {isa = PBXFileReference; lastKnownFileType = sourcecode.swift; path = SettingsView.swift; sourceTree = "<group>"; };
		986DD5D424532D6C000DDE76 /* AsarCalculationMethod.swift */ = {isa = PBXFileReference; lastKnownFileType = sourcecode.swift; path = AsarCalculationMethod.swift; sourceTree = "<group>"; };
		98733F6524691F4400B35C83 /* HeaderView.swift */ = {isa = PBXFileReference; lastKnownFileType = sourcecode.swift; path = HeaderView.swift; sourceTree = "<group>"; };
		98733F682469264B00B35C83 /* CalculationMethodView.swift */ = {isa = PBXFileReference; lastKnownFileType = sourcecode.swift; path = CalculationMethodView.swift; sourceTree = "<group>"; };
		98B5DD47244B342100C74586 /* Azan.app */ = {isa = PBXFileReference; explicitFileType = wrapper.application; includeInIndex = 0; path = Azan.app; sourceTree = BUILT_PRODUCTS_DIR; };
		98B5DD4A244B342100C74586 /* AppDelegate.swift */ = {isa = PBXFileReference; lastKnownFileType = sourcecode.swift; path = AppDelegate.swift; sourceTree = "<group>"; };
		98B5DD4C244B342100C74586 /* SceneDelegate.swift */ = {isa = PBXFileReference; lastKnownFileType = sourcecode.swift; path = SceneDelegate.swift; sourceTree = "<group>"; };
		98B5DD4E244B342100C74586 /* ContentView.swift */ = {isa = PBXFileReference; lastKnownFileType = sourcecode.swift; path = ContentView.swift; sourceTree = "<group>"; };
		98B5DD50244B342300C74586 /* Assets.xcassets */ = {isa = PBXFileReference; lastKnownFileType = folder.assetcatalog; path = Assets.xcassets; sourceTree = "<group>"; };
		98B5DD53244B342300C74586 /* Preview Assets.xcassets */ = {isa = PBXFileReference; lastKnownFileType = folder.assetcatalog; path = "Preview Assets.xcassets"; sourceTree = "<group>"; };
		98B5DD56244B342300C74586 /* Base */ = {isa = PBXFileReference; lastKnownFileType = file.storyboard; name = Base; path = Base.lproj/LaunchScreen.storyboard; sourceTree = "<group>"; };
		98B5DD58244B342300C74586 /* Info.plist */ = {isa = PBXFileReference; lastKnownFileType = text.plist.xml; path = Info.plist; sourceTree = "<group>"; };
		98B5DD5D244B342300C74586 /* AzanTests.xctest */ = {isa = PBXFileReference; explicitFileType = wrapper.cfbundle; includeInIndex = 0; path = AzanTests.xctest; sourceTree = BUILT_PRODUCTS_DIR; };
		98B5DD61244B342300C74586 /* AzanTests.swift */ = {isa = PBXFileReference; lastKnownFileType = sourcecode.swift; path = AzanTests.swift; sourceTree = "<group>"; };
		98B5DD63244B342300C74586 /* Info.plist */ = {isa = PBXFileReference; lastKnownFileType = text.plist.xml; path = Info.plist; sourceTree = "<group>"; };
		98B5DD6C244B4E7C00C74586 /* LocationWorker.swift */ = {isa = PBXFileReference; lastKnownFileType = sourcecode.swift; path = LocationWorker.swift; sourceTree = "<group>"; };
		98B5DD6E244B557F00C74586 /* ContentViewModel.swift */ = {isa = PBXFileReference; lastKnownFileType = sourcecode.swift; path = ContentViewModel.swift; sourceTree = "<group>"; };
		98BB0AAD244C146F0091F0CF /* SolatWorker.swift */ = {isa = PBXFileReference; lastKnownFileType = sourcecode.swift; path = SolatWorker.swift; sourceTree = "<group>"; };
		98BB0AAF244C33A40091F0CF /* SolatView.swift */ = {isa = PBXFileReference; lastKnownFileType = sourcecode.swift; path = SolatView.swift; sourceTree = "<group>"; };
		A0E13C8CA8053EE9991DC6CB /* Pods-AzanTests.release.xcconfig */ = {isa = PBXFileReference; includeInIndex = 1; lastKnownFileType = text.xcconfig; name = "Pods-AzanTests.release.xcconfig"; path = "Target Support Files/Pods-AzanTests/Pods-AzanTests.release.xcconfig"; sourceTree = "<group>"; };
		D045BE846BE5EC20258B1C31 /* Pods-Azan.debug.xcconfig */ = {isa = PBXFileReference; includeInIndex = 1; lastKnownFileType = text.xcconfig; name = "Pods-Azan.debug.xcconfig"; path = "Target Support Files/Pods-Azan/Pods-Azan.debug.xcconfig"; sourceTree = "<group>"; };
		D9D53C2121C8AEBC8FE594EB /* Pods_Azan.framework */ = {isa = PBXFileReference; explicitFileType = wrapper.framework; includeInIndex = 0; path = Pods_Azan.framework; sourceTree = BUILT_PRODUCTS_DIR; };
/* End PBXFileReference section */

/* Begin PBXFrameworksBuildPhase section */
		98B5DD44244B342100C74586 /* Frameworks */ = {
			isa = PBXFrameworksBuildPhase;
			buildActionMask = 2147483647;
			files = (
				26BD9937CE64622C365E360C /* Pods_Azan.framework in Frameworks */,
			);
			runOnlyForDeploymentPostprocessing = 0;
		};
		98B5DD5A244B342300C74586 /* Frameworks */ = {
			isa = PBXFrameworksBuildPhase;
			buildActionMask = 2147483647;
			files = (
				4DBF795AA2D8BC266FAF735B /* Pods_AzanTests.framework in Frameworks */,
			);
			runOnlyForDeploymentPostprocessing = 0;
		};
/* End PBXFrameworksBuildPhase section */

/* Begin PBXGroup section */
		8D490467EE9A4FEAF761F50B /* Frameworks */ = {
			isa = PBXGroup;
			children = (
				D9D53C2121C8AEBC8FE594EB /* Pods_Azan.framework */,
				2407EF5E6E150C61D7020B0B /* Pods_AzanTests.framework */,
			);
			name = Frameworks;
			sourceTree = "<group>";
		};
		986DD5D12452F398000DDE76 /* Settings View */ = {
			isa = PBXGroup;
			children = (
				986DD5D22452F3EB000DDE76 /* SettingsView.swift */,
				98733F6524691F4400B35C83 /* HeaderView.swift */,
			);
			path = "Settings View";
			sourceTree = "<group>";
		};
		98733F672469262F00B35C83 /* Prayer Calculation Method View */ = {
			isa = PBXGroup;
			children = (
				98733F682469264B00B35C83 /* CalculationMethodView.swift */,
			);
			path = "Prayer Calculation Method View";
			sourceTree = "<group>";
		};
		98B5DD3E244B342000C74586 = {
			isa = PBXGroup;
			children = (
				98B5DD49244B342100C74586 /* Azan */,
				98B5DD60244B342300C74586 /* AzanTests */,
				98B5DD48244B342100C74586 /* Products */,
				D3CD20A8EC89C93BFF5950D9 /* Pods */,
				8D490467EE9A4FEAF761F50B /* Frameworks */,
			);
			sourceTree = "<group>";
		};
		98B5DD48244B342100C74586 /* Products */ = {
			isa = PBXGroup;
			children = (
				98B5DD47244B342100C74586 /* Azan.app */,
				98B5DD5D244B342300C74586 /* AzanTests.xctest */,
			);
			name = Products;
			sourceTree = "<group>";
		};
		98B5DD49244B342100C74586 /* Azan */ = {
			isa = PBXGroup;
			children = (
				98B5DD4A244B342100C74586 /* AppDelegate.swift */,
				98B5DD4C244B342100C74586 /* SceneDelegate.swift */,
				98B5DD70244B559800C74586 /* Content View */,
				986DD5D12452F398000DDE76 /* Settings View */,
				98733F672469262F00B35C83 /* Prayer Calculation Method View */,
				98B5DD6C244B4E7C00C74586 /* LocationWorker.swift */,
				98BB0AAD244C146F0091F0CF /* SolatWorker.swift */,
				98BB0AAF244C33A40091F0CF /* SolatView.swift */,
				98B5DD50244B342300C74586 /* Assets.xcassets */,
				98B5DD55244B342300C74586 /* LaunchScreen.storyboard */,
				98B5DD58244B342300C74586 /* Info.plist */,
				98B5DD52244B342300C74586 /* Preview Content */,
				986DD5D424532D6C000DDE76 /* AsarCalculationMethod.swift */,
			);
			path = Azan;
			sourceTree = "<group>";
		};
		98B5DD52244B342300C74586 /* Preview Content */ = {
			isa = PBXGroup;
			children = (
				98B5DD53244B342300C74586 /* Preview Assets.xcassets */,
			);
			path = "Preview Content";
			sourceTree = "<group>";
		};
		98B5DD60244B342300C74586 /* AzanTests */ = {
			isa = PBXGroup;
			children = (
				98B5DD61244B342300C74586 /* AzanTests.swift */,
				98B5DD63244B342300C74586 /* Info.plist */,
			);
			path = AzanTests;
			sourceTree = "<group>";
		};
		98B5DD70244B559800C74586 /* Content View */ = {
			isa = PBXGroup;
			children = (
				98B5DD6E244B557F00C74586 /* ContentViewModel.swift */,
				98B5DD4E244B342100C74586 /* ContentView.swift */,
			);
			path = "Content View";
			sourceTree = "<group>";
		};
		D3CD20A8EC89C93BFF5950D9 /* Pods */ = {
			isa = PBXGroup;
			children = (
				D045BE846BE5EC20258B1C31 /* Pods-Azan.debug.xcconfig */,
				55C0DA06B080AB9D610BCA15 /* Pods-Azan.release.xcconfig */,
				720E90CFD16E3987570542E5 /* Pods-AzanTests.debug.xcconfig */,
				A0E13C8CA8053EE9991DC6CB /* Pods-AzanTests.release.xcconfig */,
			);
			path = Pods;
			sourceTree = "<group>";
		};
/* End PBXGroup section */

/* Begin PBXNativeTarget section */
		98B5DD46244B342100C74586 /* Azan */ = {
			isa = PBXNativeTarget;
			buildConfigurationList = 98B5DD66244B342300C74586 /* Build configuration list for PBXNativeTarget "Azan" */;
			buildPhases = (
				3C625B3599E82BD22C458843 /* [CP] Check Pods Manifest.lock */,
				98B5DD43244B342100C74586 /* Sources */,
				98B5DD44244B342100C74586 /* Frameworks */,
				98B5DD45244B342100C74586 /* Resources */,
				BD0B782C4379BBB61E23E0E6 /* [CP] Embed Pods Frameworks */,
			);
			buildRules = (
			);
			dependencies = (
			);
			name = Azan;
			productName = Azan;
			productReference = 98B5DD47244B342100C74586 /* Azan.app */;
			productType = "com.apple.product-type.application";
		};
		98B5DD5C244B342300C74586 /* AzanTests */ = {
			isa = PBXNativeTarget;
			buildConfigurationList = 98B5DD69244B342300C74586 /* Build configuration list for PBXNativeTarget "AzanTests" */;
			buildPhases = (
				4CC339166AE99EB438198D6D /* [CP] Check Pods Manifest.lock */,
				98B5DD59244B342300C74586 /* Sources */,
				98B5DD5A244B342300C74586 /* Frameworks */,
				98B5DD5B244B342300C74586 /* Resources */,
			);
			buildRules = (
			);
			dependencies = (
				98B5DD5F244B342300C74586 /* PBXTargetDependency */,
			);
			name = AzanTests;
			productName = AzanTests;
			productReference = 98B5DD5D244B342300C74586 /* AzanTests.xctest */;
			productType = "com.apple.product-type.bundle.unit-test";
		};
/* End PBXNativeTarget section */

/* Begin PBXProject section */
		98B5DD3F244B342000C74586 /* Project object */ = {
			isa = PBXProject;
			attributes = {
				LastSwiftUpdateCheck = 1130;
				LastUpgradeCheck = 1130;
				ORGANIZATIONNAME = "Faiz Mokhtar";
				TargetAttributes = {
					98B5DD46244B342100C74586 = {
						CreatedOnToolsVersion = 11.3.1;
					};
					98B5DD5C244B342300C74586 = {
						CreatedOnToolsVersion = 11.3.1;
						TestTargetID = 98B5DD46244B342100C74586;
					};
				};
			};
			buildConfigurationList = 98B5DD42244B342000C74586 /* Build configuration list for PBXProject "Azan" */;
			compatibilityVersion = "Xcode 9.3";
			developmentRegion = en;
			hasScannedForEncodings = 0;
			knownRegions = (
				en,
				Base,
			);
			mainGroup = 98B5DD3E244B342000C74586;
			productRefGroup = 98B5DD48244B342100C74586 /* Products */;
			projectDirPath = "";
			projectRoot = "";
			targets = (
				98B5DD46244B342100C74586 /* Azan */,
				98B5DD5C244B342300C74586 /* AzanTests */,
			);
		};
/* End PBXProject section */

/* Begin PBXResourcesBuildPhase section */
		98B5DD45244B342100C74586 /* Resources */ = {
			isa = PBXResourcesBuildPhase;
			buildActionMask = 2147483647;
			files = (
				98B5DD57244B342300C74586 /* LaunchScreen.storyboard in Resources */,
				98B5DD54244B342300C74586 /* Preview Assets.xcassets in Resources */,
				98B5DD51244B342300C74586 /* Assets.xcassets in Resources */,
			);
			runOnlyForDeploymentPostprocessing = 0;
		};
		98B5DD5B244B342300C74586 /* Resources */ = {
			isa = PBXResourcesBuildPhase;
			buildActionMask = 2147483647;
			files = (
			);
			runOnlyForDeploymentPostprocessing = 0;
		};
/* End PBXResourcesBuildPhase section */

/* Begin PBXShellScriptBuildPhase section */
		3C625B3599E82BD22C458843 /* [CP] Check Pods Manifest.lock */ = {
			isa = PBXShellScriptBuildPhase;
			buildActionMask = 2147483647;
			files = (
			);
			inputFileListPaths = (
			);
			inputPaths = (
				"${PODS_PODFILE_DIR_PATH}/Podfile.lock",
				"${PODS_ROOT}/Manifest.lock",
			);
			name = "[CP] Check Pods Manifest.lock";
			outputFileListPaths = (
			);
			outputPaths = (
				"$(DERIVED_FILE_DIR)/Pods-Azan-checkManifestLockResult.txt",
			);
			runOnlyForDeploymentPostprocessing = 0;
			shellPath = /bin/sh;
			shellScript = "diff \"${PODS_PODFILE_DIR_PATH}/Podfile.lock\" \"${PODS_ROOT}/Manifest.lock\" > /dev/null\nif [ $? != 0 ] ; then\n    # print error to STDERR\n    echo \"error: The sandbox is not in sync with the Podfile.lock. Run 'pod install' or update your CocoaPods installation.\" >&2\n    exit 1\nfi\n# This output is used by Xcode 'outputs' to avoid re-running this script phase.\necho \"SUCCESS\" > \"${SCRIPT_OUTPUT_FILE_0}\"\n";
			showEnvVarsInLog = 0;
		};
		4CC339166AE99EB438198D6D /* [CP] Check Pods Manifest.lock */ = {
			isa = PBXShellScriptBuildPhase;
			buildActionMask = 2147483647;
			files = (
			);
			inputFileListPaths = (
			);
			inputPaths = (
				"${PODS_PODFILE_DIR_PATH}/Podfile.lock",
				"${PODS_ROOT}/Manifest.lock",
			);
			name = "[CP] Check Pods Manifest.lock";
			outputFileListPaths = (
			);
			outputPaths = (
				"$(DERIVED_FILE_DIR)/Pods-AzanTests-checkManifestLockResult.txt",
			);
			runOnlyForDeploymentPostprocessing = 0;
			shellPath = /bin/sh;
			shellScript = "diff \"${PODS_PODFILE_DIR_PATH}/Podfile.lock\" \"${PODS_ROOT}/Manifest.lock\" > /dev/null\nif [ $? != 0 ] ; then\n    # print error to STDERR\n    echo \"error: The sandbox is not in sync with the Podfile.lock. Run 'pod install' or update your CocoaPods installation.\" >&2\n    exit 1\nfi\n# This output is used by Xcode 'outputs' to avoid re-running this script phase.\necho \"SUCCESS\" > \"${SCRIPT_OUTPUT_FILE_0}\"\n";
			showEnvVarsInLog = 0;
		};
		BD0B782C4379BBB61E23E0E6 /* [CP] Embed Pods Frameworks */ = {
			isa = PBXShellScriptBuildPhase;
			buildActionMask = 2147483647;
			files = (
			);
			inputFileListPaths = (
				"${PODS_ROOT}/Target Support Files/Pods-Azan/Pods-Azan-frameworks-${CONFIGURATION}-input-files.xcfilelist",
			);
			name = "[CP] Embed Pods Frameworks";
			outputFileListPaths = (
				"${PODS_ROOT}/Target Support Files/Pods-Azan/Pods-Azan-frameworks-${CONFIGURATION}-output-files.xcfilelist",
			);
			runOnlyForDeploymentPostprocessing = 0;
			shellPath = /bin/sh;
			shellScript = "\"${PODS_ROOT}/Target Support Files/Pods-Azan/Pods-Azan-frameworks.sh\"\n";
			showEnvVarsInLog = 0;
		};
/* End PBXShellScriptBuildPhase section */

/* Begin PBXSourcesBuildPhase section */
		98B5DD43244B342100C74586 /* Sources */ = {
			isa = PBXSourcesBuildPhase;
			buildActionMask = 2147483647;
			files = (
				98B5DD4B244B342100C74586 /* AppDelegate.swift in Sources */,
				986DD5D32452F3EB000DDE76 /* SettingsView.swift in Sources */,
				98733F692469264B00B35C83 /* CalculationMethodView.swift in Sources */,
				98B5DD6D244B4E7C00C74586 /* LocationWorker.swift in Sources */,
				98BB0AB0244C33A40091F0CF /* SolatView.swift in Sources */,
				986DD5D524532D6C000DDE76 /* AsarCalculationMethod.swift in Sources */,
				98B5DD4D244B342100C74586 /* SceneDelegate.swift in Sources */,
				98733F6624691F4400B35C83 /* HeaderView.swift in Sources */,
				98BB0AAE244C146F0091F0CF /* SolatWorker.swift in Sources */,
				98B5DD4F244B342100C74586 /* ContentView.swift in Sources */,
				98B5DD6F244B557F00C74586 /* ContentViewModel.swift in Sources */,
			);
			runOnlyForDeploymentPostprocessing = 0;
		};
		98B5DD59244B342300C74586 /* Sources */ = {
			isa = PBXSourcesBuildPhase;
			buildActionMask = 2147483647;
			files = (
				98B5DD62244B342300C74586 /* AzanTests.swift in Sources */,
			);
			runOnlyForDeploymentPostprocessing = 0;
		};
/* End PBXSourcesBuildPhase section */

/* Begin PBXTargetDependency section */
		98B5DD5F244B342300C74586 /* PBXTargetDependency */ = {
			isa = PBXTargetDependency;
			target = 98B5DD46244B342100C74586 /* Azan */;
			targetProxy = 98B5DD5E244B342300C74586 /* PBXContainerItemProxy */;
		};
/* End PBXTargetDependency section */

/* Begin PBXVariantGroup section */
		98B5DD55244B342300C74586 /* LaunchScreen.storyboard */ = {
			isa = PBXVariantGroup;
			children = (
				98B5DD56244B342300C74586 /* Base */,
			);
			name = LaunchScreen.storyboard;
			sourceTree = "<group>";
		};
/* End PBXVariantGroup section */

/* Begin XCBuildConfiguration section */
		98B5DD64244B342300C74586 /* Debug */ = {
			isa = XCBuildConfiguration;
			buildSettings = {
				ALWAYS_SEARCH_USER_PATHS = NO;
				CLANG_ANALYZER_NONNULL = YES;
				CLANG_ANALYZER_NUMBER_OBJECT_CONVERSION = YES_AGGRESSIVE;
				CLANG_CXX_LANGUAGE_STANDARD = "gnu++14";
				CLANG_CXX_LIBRARY = "libc++";
				CLANG_ENABLE_MODULES = YES;
				CLANG_ENABLE_OBJC_ARC = YES;
				CLANG_ENABLE_OBJC_WEAK = YES;
				CLANG_WARN_BLOCK_CAPTURE_AUTORELEASING = YES;
				CLANG_WARN_BOOL_CONVERSION = YES;
				CLANG_WARN_COMMA = YES;
				CLANG_WARN_CONSTANT_CONVERSION = YES;
				CLANG_WARN_DEPRECATED_OBJC_IMPLEMENTATIONS = YES;
				CLANG_WARN_DIRECT_OBJC_ISA_USAGE = YES_ERROR;
				CLANG_WARN_DOCUMENTATION_COMMENTS = YES;
				CLANG_WARN_EMPTY_BODY = YES;
				CLANG_WARN_ENUM_CONVERSION = YES;
				CLANG_WARN_INFINITE_RECURSION = YES;
				CLANG_WARN_INT_CONVERSION = YES;
				CLANG_WARN_NON_LITERAL_NULL_CONVERSION = YES;
				CLANG_WARN_OBJC_IMPLICIT_RETAIN_SELF = YES;
				CLANG_WARN_OBJC_LITERAL_CONVERSION = YES;
				CLANG_WARN_OBJC_ROOT_CLASS = YES_ERROR;
				CLANG_WARN_RANGE_LOOP_ANALYSIS = YES;
				CLANG_WARN_STRICT_PROTOTYPES = YES;
				CLANG_WARN_SUSPICIOUS_MOVE = YES;
				CLANG_WARN_UNGUARDED_AVAILABILITY = YES_AGGRESSIVE;
				CLANG_WARN_UNREACHABLE_CODE = YES;
				CLANG_WARN__DUPLICATE_METHOD_MATCH = YES;
				COPY_PHASE_STRIP = NO;
				DEBUG_INFORMATION_FORMAT = dwarf;
				ENABLE_STRICT_OBJC_MSGSEND = YES;
				ENABLE_TESTABILITY = YES;
				GCC_C_LANGUAGE_STANDARD = gnu11;
				GCC_DYNAMIC_NO_PIC = NO;
				GCC_NO_COMMON_BLOCKS = YES;
				GCC_OPTIMIZATION_LEVEL = 0;
				GCC_PREPROCESSOR_DEFINITIONS = (
					"DEBUG=1",
					"$(inherited)",
				);
				GCC_WARN_64_TO_32_BIT_CONVERSION = YES;
				GCC_WARN_ABOUT_RETURN_TYPE = YES_ERROR;
				GCC_WARN_UNDECLARED_SELECTOR = YES;
				GCC_WARN_UNINITIALIZED_AUTOS = YES_AGGRESSIVE;
				GCC_WARN_UNUSED_FUNCTION = YES;
				GCC_WARN_UNUSED_VARIABLE = YES;
				IPHONEOS_DEPLOYMENT_TARGET = 13.2;
				MTL_ENABLE_DEBUG_INFO = INCLUDE_SOURCE;
				MTL_FAST_MATH = YES;
				ONLY_ACTIVE_ARCH = YES;
				SDKROOT = iphoneos;
				SWIFT_ACTIVE_COMPILATION_CONDITIONS = DEBUG;
				SWIFT_OPTIMIZATION_LEVEL = "-Onone";
			};
			name = Debug;
		};
		98B5DD65244B342300C74586 /* Release */ = {
			isa = XCBuildConfiguration;
			buildSettings = {
				ALWAYS_SEARCH_USER_PATHS = NO;
				CLANG_ANALYZER_NONNULL = YES;
				CLANG_ANALYZER_NUMBER_OBJECT_CONVERSION = YES_AGGRESSIVE;
				CLANG_CXX_LANGUAGE_STANDARD = "gnu++14";
				CLANG_CXX_LIBRARY = "libc++";
				CLANG_ENABLE_MODULES = YES;
				CLANG_ENABLE_OBJC_ARC = YES;
				CLANG_ENABLE_OBJC_WEAK = YES;
				CLANG_WARN_BLOCK_CAPTURE_AUTORELEASING = YES;
				CLANG_WARN_BOOL_CONVERSION = YES;
				CLANG_WARN_COMMA = YES;
				CLANG_WARN_CONSTANT_CONVERSION = YES;
				CLANG_WARN_DEPRECATED_OBJC_IMPLEMENTATIONS = YES;
				CLANG_WARN_DIRECT_OBJC_ISA_USAGE = YES_ERROR;
				CLANG_WARN_DOCUMENTATION_COMMENTS = YES;
				CLANG_WARN_EMPTY_BODY = YES;
				CLANG_WARN_ENUM_CONVERSION = YES;
				CLANG_WARN_INFINITE_RECURSION = YES;
				CLANG_WARN_INT_CONVERSION = YES;
				CLANG_WARN_NON_LITERAL_NULL_CONVERSION = YES;
				CLANG_WARN_OBJC_IMPLICIT_RETAIN_SELF = YES;
				CLANG_WARN_OBJC_LITERAL_CONVERSION = YES;
				CLANG_WARN_OBJC_ROOT_CLASS = YES_ERROR;
				CLANG_WARN_RANGE_LOOP_ANALYSIS = YES;
				CLANG_WARN_STRICT_PROTOTYPES = YES;
				CLANG_WARN_SUSPICIOUS_MOVE = YES;
				CLANG_WARN_UNGUARDED_AVAILABILITY = YES_AGGRESSIVE;
				CLANG_WARN_UNREACHABLE_CODE = YES;
				CLANG_WARN__DUPLICATE_METHOD_MATCH = YES;
				COPY_PHASE_STRIP = NO;
				DEBUG_INFORMATION_FORMAT = "dwarf-with-dsym";
				ENABLE_NS_ASSERTIONS = NO;
				ENABLE_STRICT_OBJC_MSGSEND = YES;
				GCC_C_LANGUAGE_STANDARD = gnu11;
				GCC_NO_COMMON_BLOCKS = YES;
				GCC_WARN_64_TO_32_BIT_CONVERSION = YES;
				GCC_WARN_ABOUT_RETURN_TYPE = YES_ERROR;
				GCC_WARN_UNDECLARED_SELECTOR = YES;
				GCC_WARN_UNINITIALIZED_AUTOS = YES_AGGRESSIVE;
				GCC_WARN_UNUSED_FUNCTION = YES;
				GCC_WARN_UNUSED_VARIABLE = YES;
				IPHONEOS_DEPLOYMENT_TARGET = 13.2;
				MTL_ENABLE_DEBUG_INFO = NO;
				MTL_FAST_MATH = YES;
				SDKROOT = iphoneos;
				SWIFT_COMPILATION_MODE = wholemodule;
				SWIFT_OPTIMIZATION_LEVEL = "-O";
				VALIDATE_PRODUCT = YES;
			};
			name = Release;
		};
		98B5DD67244B342300C74586 /* Debug */ = {
			isa = XCBuildConfiguration;
			baseConfigurationReference = D045BE846BE5EC20258B1C31 /* Pods-Azan.debug.xcconfig */;
			buildSettings = {
				ASSETCATALOG_COMPILER_APPICON_NAME = AppIcon;
				CODE_SIGN_STYLE = Automatic;
				DEVELOPMENT_ASSET_PATHS = "\"Azan/Preview Content\"";
				DEVELOPMENT_TEAM = 96ZJY6AYCD;
				ENABLE_PREVIEWS = YES;
				INFOPLIST_FILE = Azan/Info.plist;
				LD_RUNPATH_SEARCH_PATHS = (
					"$(inherited)",
					"@executable_path/Frameworks",
				);
				PRODUCT_BUNDLE_IDENTIFIER = com.faizmokhtar.Azan;
				PRODUCT_NAME = "$(TARGET_NAME)";
				SWIFT_VERSION = 5.0;
				TARGETED_DEVICE_FAMILY = "1,2";
			};
			name = Debug;
		};
		98B5DD68244B342300C74586 /* Release */ = {
			isa = XCBuildConfiguration;
			baseConfigurationReference = 55C0DA06B080AB9D610BCA15 /* Pods-Azan.release.xcconfig */;
			buildSettings = {
				ASSETCATALOG_COMPILER_APPICON_NAME = AppIcon;
				CODE_SIGN_STYLE = Automatic;
				DEVELOPMENT_ASSET_PATHS = "\"Azan/Preview Content\"";
				DEVELOPMENT_TEAM = 96ZJY6AYCD;
				ENABLE_PREVIEWS = YES;
				INFOPLIST_FILE = Azan/Info.plist;
				LD_RUNPATH_SEARCH_PATHS = (
					"$(inherited)",
					"@executable_path/Frameworks",
				);
				PRODUCT_BUNDLE_IDENTIFIER = com.faizmokhtar.Azan;
				PRODUCT_NAME = "$(TARGET_NAME)";
				SWIFT_VERSION = 5.0;
				TARGETED_DEVICE_FAMILY = "1,2";
			};
			name = Release;
		};
		98B5DD6A244B342300C74586 /* Debug */ = {
			isa = XCBuildConfiguration;
			baseConfigurationReference = 720E90CFD16E3987570542E5 /* Pods-AzanTests.debug.xcconfig */;
			buildSettings = {
				ALWAYS_EMBED_SWIFT_STANDARD_LIBRARIES = YES;
				BUNDLE_LOADER = "$(TEST_HOST)";
				CODE_SIGN_STYLE = Automatic;
				DEVELOPMENT_TEAM = 96ZJY6AYCD;
				INFOPLIST_FILE = AzanTests/Info.plist;
				IPHONEOS_DEPLOYMENT_TARGET = 13.2;
				LD_RUNPATH_SEARCH_PATHS = (
					"$(inherited)",
					"@executable_path/Frameworks",
					"@loader_path/Frameworks",
				);
				PRODUCT_BUNDLE_IDENTIFIER = com.faizmokhtar.AzanTests;
				PRODUCT_NAME = "$(TARGET_NAME)";
				SWIFT_VERSION = 5.0;
				TARGETED_DEVICE_FAMILY = "1,2";
				TEST_HOST = "$(BUILT_PRODUCTS_DIR)/Azan.app/Azan";
			};
			name = Debug;
		};
		98B5DD6B244B342300C74586 /* Release */ = {
			isa = XCBuildConfiguration;
			baseConfigurationReference = A0E13C8CA8053EE9991DC6CB /* Pods-AzanTests.release.xcconfig */;
			buildSettings = {
				ALWAYS_EMBED_SWIFT_STANDARD_LIBRARIES = YES;
				BUNDLE_LOADER = "$(TEST_HOST)";
				CODE_SIGN_STYLE = Automatic;
				DEVELOPMENT_TEAM = 96ZJY6AYCD;
				INFOPLIST_FILE = AzanTests/Info.plist;
				IPHONEOS_DEPLOYMENT_TARGET = 13.2;
				LD_RUNPATH_SEARCH_PATHS = (
					"$(inherited)",
					"@executable_path/Frameworks",
					"@loader_path/Frameworks",
				);
				PRODUCT_BUNDLE_IDENTIFIER = com.faizmokhtar.AzanTests;
				PRODUCT_NAME = "$(TARGET_NAME)";
				SWIFT_VERSION = 5.0;
				TARGETED_DEVICE_FAMILY = "1,2";
				TEST_HOST = "$(BUILT_PRODUCTS_DIR)/Azan.app/Azan";
			};
			name = Release;
		};
/* End XCBuildConfiguration section */

/* Begin XCConfigurationList section */
		98B5DD42244B342000C74586 /* Build configuration list for PBXProject "Azan" */ = {
			isa = XCConfigurationList;
			buildConfigurations = (
				98B5DD64244B342300C74586 /* Debug */,
				98B5DD65244B342300C74586 /* Release */,
			);
			defaultConfigurationIsVisible = 0;
			defaultConfigurationName = Release;
		};
		98B5DD66244B342300C74586 /* Build configuration list for PBXNativeTarget "Azan" */ = {
			isa = XCConfigurationList;
			buildConfigurations = (
				98B5DD67244B342300C74586 /* Debug */,
				98B5DD68244B342300C74586 /* Release */,
			);
			defaultConfigurationIsVisible = 0;
			defaultConfigurationName = Release;
		};
		98B5DD69244B342300C74586 /* Build configuration list for PBXNativeTarget "AzanTests" */ = {
			isa = XCConfigurationList;
			buildConfigurations = (
				98B5DD6A244B342300C74586 /* Debug */,
				98B5DD6B244B342300C74586 /* Release */,
			);
			defaultConfigurationIsVisible = 0;
			defaultConfigurationName = Release;
		};
/* End XCConfigurationList section */
	};
	rootObject = 98B5DD3F244B342000C74586 /* Project object */;
}
