// !$*UTF8*$!
{
	archiveVersion = 1;
	classes = {
	};
	objectVersion = 50;
	objects = {

/* Begin PBXBuildFile section */
		98B5DD4B244B342100C74586 /* AppDelegate.swift in Sources */ = {isa = PBXBuildFile; fileRef = 98B5DD4A244B342100C74586 /* AppDelegate.swift */; };
		98B5DD4D244B342100C74586 /* SceneDelegate.swift in Sources */ = {isa = PBXBuildFile; fileRef = 98B5DD4C244B342100C74586 /* SceneDelegate.swift */; };
		98B5DD4F244B342100C74586 /* ContentView.swift in Sources */ = {isa = PBXBuildFile; fileRef = 98B5DD4E244B342100C74586 /* ContentView.swift */; };
		98B5DD51244B342300C74586 /* Assets.xcassets in Resources */ = {isa = PBXBuildFile; fileRef = 98B5DD50244B342300C74586 /* Assets.xcassets */; };
		98B5DD54244B342300C74586 /* Preview Assets.xcassets in Resources */ = {isa = PBXBuildFile; fileRef = 98B5DD53244B342300C74586 /* Preview Assets.xcassets */; };
		98B5DD57244B342300C74586 /* LaunchScreen.storyboard in Resources */ = {isa = PBXBuildFile; fileRef = 98B5DD55244B342300C74586 /* LaunchScreen.storyboard */; };
		98B5DD62244B342300C74586 /* AzanTests.swift in Sources */ = {isa = PBXBuildFile; fileRef = 98B5DD61244B342300C74586 /* AzanTests.swift */; };
/* End PBXBuildFile section */

/* Begin PBXContainerItemProxy section */
		98B5DD5E244B342300C74586 /* PBXContainerItemProxy */ = {
			isa = PBXContainerItemProxy;
			containerPortal = 98B5DD3F244B342000C74586 /* Project object */;
			proxyType = 1;
			remoteGlobalIDString = 98B5DD46244B342100C74586;
			remoteInfo = Azan;
		};
/* End PBXContainerItemProxy section */

/* Begin PBXFileReference section */
		98B5DD47244B342100C74586 /* Azan.app */ = {isa = PBXFileReference; explicitFileType = wrapper.application; includeInIndex = 0; path = Azan.app; sourceTree = BUILT_PRODUCTS_DIR; };
		98B5DD4A244B342100C74586 /* AppDelegate.swift */ = {isa = PBXFileReference; lastKnownFileType = sourcecode.swift; path = AppDelegate.swift; sourceTree = "<group>"; };
		98B5DD4C244B342100C74586 /* SceneDelegate.swift */ = {isa = PBXFileReference; lastKnownFileType = sourcecode.swift; path = SceneDelegate.swift; sourceTree = "<group>"; };
		98B5DD4E244B342100C74586 /* ContentView.swift */ = {isa = PBXFileReference; lastKnownFileType = sourcecode.swift; path = ContentView.swift; sourceTree = "<group>"; };
		98B5DD50244B342300C74586 /* Assets.xcassets */ = {isa = PBXFileReference; lastKnownFileType = folder.assetcatalog; path = Assets.xcassets; sourceTree = "<group>"; };
		98B5DD53244B342300C74586 /* Preview Assets.xcassets */ = {isa = PBXFileReference; lastKnownFileType = folder.assetcatalog; path = "Preview Assets.xcassets"; sourceTree = "<group>"; };
		98B5DD56244B342300C74586 /* Base */ = {isa = PBXFileReference; lastKnownFileType = file.storyboard; name = Base; path = Base.lproj/LaunchScreen.storyboard; sourceTree = "<group>"; };
		98B5DD58244B342300C74586 /* Info.plist */ = {isa = PBXFileReference; lastKnownFileType = text.plist.xml; path = Info.plist; sourceTree = "<group>"; };
		98B5DD5D244B342300C74586 /* AzanTests.xctest */ = {isa = PBXFileReference; explicitFileType = wrapper.cfbundle; includeInIndex = 0; path = AzanTests.xctest; sourceTree = BUILT_PRODUCTS_DIR; };
		98B5DD61244B342300C74586 /* AzanTests.swift */ = {isa = PBXFileReference; lastKnownFileType = sourcecode.swift; path = AzanTests.swift; sourceTree = "<group>"; };
		98B5DD63244B342300C74586 /* Info.plist */ = {isa = PBXFileReference; lastKnownFileType = text.plist.xml; path = Info.plist; sourceTree = "<group>"; };
/* End PBXFileReference section */

/* Begin PBXFrameworksBuildPhase section */
		98B5DD44244B342100C74586 /* Frameworks */ = {
			isa = PBXFrameworksBuildPhase;
			buildActionMask = 2147483647;
			files = (
			);
			runOnlyForDeploymentPostprocessing = 0;
		};
		98B5DD5A244B342300C74586 /* Frameworks */ = {
			isa = PBXFrameworksBuildPhase;
			buildActionMask = 2147483647;
			files = (
			);
			runOnlyForDeploymentPostprocessing = 0;
		};
/* End PBXFrameworksBuildPhase section */

/* Begin PBXGroup section */
		98B5DD3E244B342000C74586 = {
			isa = PBXGroup;
			children = (
				98B5DD49244B342100C74586 /* Azan */,
				98B5DD60244B342300C74586 /* AzanTests */,
				98B5DD48244B342100C74586 /* Products */,
			);
			sourceTree = "<group>";
		};
		98B5DD48244B342100C74586 /* Products */ = {
			isa = PBXGroup;
			children = (
				98B5DD47244B342100C74586 /* Azan.app */,
				98B5DD5D244B342300C74586 /* AzanTests.xctest */,
			);
			name = Products;
			sourceTree = "<group>";
		};
		98B5DD49244B342100C74586 /* Azan */ = {
			isa = PBXGroup;
			children = (
				98B5DD4A244B342100C74586 /* AppDelegate.swift */,
				98B5DD4C244B342100C74586 /* SceneDelegate.swift */,
				98B5DD4E244B342100C74586 /* ContentView.swift */,
				98B5DD50244B342300C74586 /* Assets.xcassets */,
				98B5DD55244B342300C74586 /* LaunchScreen.storyboard */,
				98B5DD58244B342300C74586 /* Info.plist */,
				98B5DD52244B342300C74586 /* Preview Content */,
			);
			path = Azan;
			sourceTree = "<group>";
		};
		98B5DD52244B342300C74586 /* Preview Content */ = {
			isa = PBXGroup;
			children = (
				98B5DD53244B342300C74586 /* Preview Assets.xcassets */,
			);
			path = "Preview Content";
			sourceTree = "<group>";
		};
		98B5DD60244B342300C74586 /* AzanTests */ = {
			isa = PBXGroup;
			children = (
				98B5DD61244B342300C74586 /* AzanTests.swift */,
				98B5DD63244B342300C74586 /* Info.plist */,
			);
			path = AzanTests;
			sourceTree = "<group>";
		};
/* End PBXGroup section */

/* Begin PBXNativeTarget section */
		98B5DD46244B342100C74586 /* Azan */ = {
			isa = PBXNativeTarget;
			buildConfigurationList = 98B5DD66244B342300C74586 /* Build configuration list for PBXNativeTarget "Azan" */;
			buildPhases = (
				98B5DD43244B342100C74586 /* Sources */,
				98B5DD44244B342100C74586 /* Frameworks */,
				98B5DD45244B342100C74586 /* Resources */,
			);
			buildRules = (
			);
			dependencies = (
			);
			name = Azan;
			productName = Azan;
			productReference = 98B5DD47244B342100C74586 /* Azan.app */;
			productType = "com.apple.product-type.application";
		};
		98B5DD5C244B342300C74586 /* AzanTests */ = {
			isa = PBXNativeTarget;
			buildConfigurationList = 98B5DD69244B342300C74586 /* Build configuration list for PBXNativeTarget "AzanTests" */;
			buildPhases = (
				98B5DD59244B342300C74586 /* Sources */,
				98B5DD5A244B342300C74586 /* Frameworks */,
				98B5DD5B244B342300C74586 /* Resources */,
			);
			buildRules = (
			);
			dependencies = (
				98B5DD5F244B342300C74586 /* PBXTargetDependency */,
			);
			name = AzanTests;
			productName = AzanTests;
			productReference = 98B5DD5D244B342300C74586 /* AzanTests.xctest */;
			productType = "com.apple.product-type.bundle.unit-test";
		};
/* End PBXNativeTarget section */

/* Begin PBXProject section */
		98B5DD3F244B342000C74586 /* Project object */ = {
			isa = PBXProject;
			attributes = {
				LastSwiftUpdateCheck = 1130;
				LastUpgradeCheck = 1130;
				ORGANIZATIONNAME = "Faiz Mokhtar";
				TargetAttributes = {
					98B5DD46244B342100C74586 = {
						CreatedOnToolsVersion = 11.3.1;
					};
					98B5DD5C244B342300C74586 = {
						CreatedOnToolsVersion = 11.3.1;
						TestTargetID = 98B5DD46244B342100C74586;
					};
				};
			};
			buildConfigurationList = 98B5DD42244B342000C74586 /* Build configuration list for PBXProject "Azan" */;
			compatibilityVersion = "Xcode 9.3";
			developmentRegion = en;
			hasScannedForEncodings = 0;
			knownRegions = (
				en,
				Base,
			);
			mainGroup = 98B5DD3E244B342000C74586;
			productRefGroup = 98B5DD48244B342100C74586 /* Products */;
			projectDirPath = "";
			projectRoot = "";
			targets = (
				98B5DD46244B342100C74586 /* Azan */,
				98B5DD5C244B342300C74586 /* AzanTests */,
			);
		};
/* End PBXProject section */

/* Begin PBXResourcesBuildPhase section */
		98B5DD45244B342100C74586 /* Resources */ = {
			isa = PBXResourcesBuildPhase;
			buildActionMask = 2147483647;
			files = (
				98B5DD57244B342300C74586 /* LaunchScreen.storyboard in Resources */,
				98B5DD54244B342300C74586 /* Preview Assets.xcassets in Resources */,
				98B5DD51244B342300C74586 /* Assets.xcassets in Resources */,
			);
			runOnlyForDeploymentPostprocessing = 0;
		};
		98B5DD5B244B342300C74586 /* Resources */ = {
			isa = PBXResourcesBuildPhase;
			buildActionMask = 2147483647;
			files = (
			);
			runOnlyForDeploymentPostprocessing = 0;
		};
/* End PBXResourcesBuildPhase section */

/* Begin PBXSourcesBuildPhase section */
		98B5DD43244B342100C74586 /* Sources */ = {
			isa = PBXSourcesBuildPhase;
			buildActionMask = 2147483647;
			files = (
				98B5DD4B244B342100C74586 /* AppDelegate.swift in Sources */,
				98B5DD4D244B342100C74586 /* SceneDelegate.swift in Sources */,
				98B5DD4F244B342100C74586 /* ContentView.swift in Sources */,
			);
			runOnlyForDeploymentPostprocessing = 0;
		};
		98B5DD59244B342300C74586 /* Sources */ = {
			isa = PBXSourcesBuildPhase;
			buildActionMask = 2147483647;
			files = (
				98B5DD62244B342300C74586 /* AzanTests.swift in Sources */,
			);
			runOnlyForDeploymentPostprocessing = 0;
		};
/* End PBXSourcesBuildPhase section */

/* Begin PBXTargetDependency section */
		98B5DD5F244B342300C74586 /* PBXTargetDependency */ = {
			isa = PBXTargetDependency;
			target = 98B5DD46244B342100C74586 /* Azan */;
			targetProxy = 98B5DD5E244B342300C74586 /* PBXContainerItemProxy */;
		};
/* End PBXTargetDependency section */

/* Begin PBXVariantGroup section */
		98B5DD55244B342300C74586 /* LaunchScreen.storyboard */ = {
			isa = PBXVariantGroup;
			children = (
				98B5DD56244B342300C74586 /* Base */,
			);
			name = LaunchScreen.storyboard;
			sourceTree = "<group>";
		};
/* End PBXVariantGroup section */

/* Begin XCBuildConfiguration section */
		98B5DD64244B342300C74586 /* Debug */ = {
			isa = XCBuildConfiguration;
			buildSettings = {
				ALWAYS_SEARCH_USER_PATHS = NO;
				CLANG_ANALYZER_NONNULL = YES;
				CLANG_ANALYZER_NUMBER_OBJECT_CONVERSION = YES_AGGRESSIVE;
				CLANG_CXX_LANGUAGE_STANDARD = "gnu++14";
				CLANG_CXX_LIBRARY = "libc++";
				CLANG_ENABLE_MODULES = YES;
				CLANG_ENABLE_OBJC_ARC = YES;
				CLANG_ENABLE_OBJC_WEAK = YES;
				CLANG_WARN_BLOCK_CAPTURE_AUTORELEASING = YES;
				CLANG_WARN_BOOL_CONVERSION = YES;
				CLANG_WARN_COMMA = YES;
				CLANG_WARN_CONSTANT_CONVERSION = YES;
				CLANG_WARN_DEPRECATED_OBJC_IMPLEMENTATIONS = YES;
				CLANG_WARN_DIRECT_OBJC_ISA_USAGE = YES_ERROR;
				CLANG_WARN_DOCUMENTATION_COMMENTS = YES;
				CLANG_WARN_EMPTY_BODY = YES;
				CLANG_WARN_ENUM_CONVERSION = YES;
				CLANG_WARN_INFINITE_RECURSION = YES;
				CLANG_WARN_INT_CONVERSION = YES;
				CLANG_WARN_NON_LITERAL_NULL_CONVERSION = YES;
				CLANG_WARN_OBJC_IMPLICIT_RETAIN_SELF = YES;
				CLANG_WARN_OBJC_LITERAL_CONVERSION = YES;
				CLANG_WARN_OBJC_ROOT_CLASS = YES_ERROR;
				CLANG_WARN_RANGE_LOOP_ANALYSIS = YES;
				CLANG_WARN_STRICT_PROTOTYPES = YES;
				CLANG_WARN_SUSPICIOUS_MOVE = YES;
				CLANG_WARN_UNGUARDED_AVAILABILITY = YES_AGGRESSIVE;
				CLANG_WARN_UNREACHABLE_CODE = YES;
				CLANG_WARN__DUPLICATE_METHOD_MATCH = YES;
				COPY_PHASE_STRIP = NO;
				DEBUG_INFORMATION_FORMAT = dwarf;
				ENABLE_STRICT_OBJC_MSGSEND = YES;
				ENABLE_TESTABILITY = YES;
				GCC_C_LANGUAGE_STANDARD = gnu11;
				GCC_DYNAMIC_NO_PIC = NO;
				GCC_NO_COMMON_BLOCKS = YES;
				GCC_OPTIMIZATION_LEVEL = 0;
				GCC_PREPROCESSOR_DEFINITIONS = (
					"DEBUG=1",
					"$(inherited)",
				);
				GCC_WARN_64_TO_32_BIT_CONVERSION = YES;
				GCC_WARN_ABOUT_RETURN_TYPE = YES_ERROR;
				GCC_WARN_UNDECLARED_SELECTOR = YES;
				GCC_WARN_UNINITIALIZED_AUTOS = YES_AGGRESSIVE;
				GCC_WARN_UNUSED_FUNCTION = YES;
				GCC_WARN_UNUSED_VARIABLE = YES;
				IPHONEOS_DEPLOYMENT_TARGET = 13.2;
				MTL_ENABLE_DEBUG_INFO = INCLUDE_SOURCE;
				MTL_FAST_MATH = YES;
				ONLY_ACTIVE_ARCH = YES;
				SDKROOT = iphoneos;
				SWIFT_ACTIVE_COMPILATION_CONDITIONS = DEBUG;
				SWIFT_OPTIMIZATION_LEVEL = "-Onone";
			};
			name = Debug;
		};
		98B5DD65244B342300C74586 /* Release */ = {
			isa = XCBuildConfiguration;
			buildSettings = {
				ALWAYS_SEARCH_USER_PATHS = NO;
				CLANG_ANALYZER_NONNULL = YES;
				CLANG_ANALYZER_NUMBER_OBJECT_CONVERSION = YES_AGGRESSIVE;
				CLANG_CXX_LANGUAGE_STANDARD = "gnu++14";
				CLANG_CXX_LIBRARY = "libc++";
				CLANG_ENABLE_MODULES = YES;
				CLANG_ENABLE_OBJC_ARC = YES;
				CLANG_ENABLE_OBJC_WEAK = YES;
				CLANG_WARN_BLOCK_CAPTURE_AUTORELEASING = YES;
				CLANG_WARN_BOOL_CONVERSION = YES;
				CLANG_WARN_COMMA = YES;
				CLANG_WARN_CONSTANT_CONVERSION = YES;
				CLANG_WARN_DEPRECATED_OBJC_IMPLEMENTATIONS = YES;
				CLANG_WARN_DIRECT_OBJC_ISA_USAGE = YES_ERROR;
				CLANG_WARN_DOCUMENTATION_COMMENTS = YES;
				CLANG_WARN_EMPTY_BODY = YES;
				CLANG_WARN_ENUM_CONVERSION = YES;
				CLANG_WARN_INFINITE_RECURSION = YES;
				CLANG_WARN_INT_CONVERSION = YES;
				CLANG_WARN_NON_LITERAL_NULL_CONVERSION = YES;
				CLANG_WARN_OBJC_IMPLICIT_RETAIN_SELF = YES;
				CLANG_WARN_OBJC_LITERAL_CONVERSION = YES;
				CLANG_WARN_OBJC_ROOT_CLASS = YES_ERROR;
				CLANG_WARN_RANGE_LOOP_ANALYSIS = YES;
				CLANG_WARN_STRICT_PROTOTYPES = YES;
				CLANG_WARN_SUSPICIOUS_MOVE = YES;
				CLANG_WARN_UNGUARDED_AVAILABILITY = YES_AGGRESSIVE;
				CLANG_WARN_UNREACHABLE_CODE = YES;
				CLANG_WARN__DUPLICATE_METHOD_MATCH = YES;
				COPY_PHASE_STRIP = NO;
				DEBUG_INFORMATION_FORMAT = "dwarf-with-dsym";
				ENABLE_NS_ASSERTIONS = NO;
				ENABLE_STRICT_OBJC_MSGSEND = YES;
				GCC_C_LANGUAGE_STANDARD = gnu11;
				GCC_NO_COMMON_BLOCKS = YES;
				GCC_WARN_64_TO_32_BIT_CONVERSION = YES;
				GCC_WARN_ABOUT_RETURN_TYPE = YES_ERROR;
				GCC_WARN_UNDECLARED_SELECTOR = YES;
				GCC_WARN_UNINITIALIZED_AUTOS = YES_AGGRESSIVE;
				GCC_WARN_UNUSED_FUNCTION = YES;
				GCC_WARN_UNUSED_VARIABLE = YES;
				IPHONEOS_DEPLOYMENT_TARGET = 13.2;
				MTL_ENABLE_DEBUG_INFO = NO;
				MTL_FAST_MATH = YES;
				SDKROOT = iphoneos;
				SWIFT_COMPILATION_MODE = wholemodule;
				SWIFT_OPTIMIZATION_LEVEL = "-O";
				VALIDATE_PRODUCT = YES;
			};
			name = Release;
		};
		98B5DD67244B342300C74586 /* Debug */ = {
			isa = XCBuildConfiguration;
			buildSettings = {
				ASSETCATALOG_COMPILER_APPICON_NAME = AppIcon;
				CODE_SIGN_STYLE = Automatic;
				DEVELOPMENT_ASSET_PATHS = "\"Azan/Preview Content\"";
				DEVELOPMENT_TEAM = 96ZJY6AYCD;
				ENABLE_PREVIEWS = YES;
				INFOPLIST_FILE = Azan/Info.plist;
				LD_RUNPATH_SEARCH_PATHS = (
					"$(inherited)",
					"@executable_path/Frameworks",
				);
				PRODUCT_BUNDLE_IDENTIFIER = com.faizmokhtar.Azan;
				PRODUCT_NAME = "$(TARGET_NAME)";
				SWIFT_VERSION = 5.0;
				TARGETED_DEVICE_FAMILY = "1,2";
			};
			name = Debug;
		};
		98B5DD68244B342300C74586 /* Release */ = {
			isa = XCBuildConfiguration;
			buildSettings = {
				ASSETCATALOG_COMPILER_APPICON_NAME = AppIcon;
				CODE_SIGN_STYLE = Automatic;
				DEVELOPMENT_ASSET_PATHS = "\"Azan/Preview Content\"";
				DEVELOPMENT_TEAM = 96ZJY6AYCD;
				ENABLE_PREVIEWS = YES;
				INFOPLIST_FILE = Azan/Info.plist;
				LD_RUNPATH_SEARCH_PATHS = (
					"$(inherited)",
					"@executable_path/Frameworks",
				);
				PRODUCT_BUNDLE_IDENTIFIER = com.faizmokhtar.Azan;
				PRODUCT_NAME = "$(TARGET_NAME)";
				SWIFT_VERSION = 5.0;
				TARGETED_DEVICE_FAMILY = "1,2";
			};
			name = Release;
		};
		98B5DD6A244B342300C74586 /* Debug */ = {
			isa = XCBuildConfiguration;
			buildSettings = {
				ALWAYS_EMBED_SWIFT_STANDARD_LIBRARIES = YES;
				BUNDLE_LOADER = "$(TEST_HOST)";
				CODE_SIGN_STYLE = Automatic;
				DEVELOPMENT_TEAM = 96ZJY6AYCD;
				INFOPLIST_FILE = AzanTests/Info.plist;
				IPHONEOS_DEPLOYMENT_TARGET = 13.2;
				LD_RUNPATH_SEARCH_PATHS = (
					"$(inherited)",
					"@executable_path/Frameworks",
					"@loader_path/Frameworks",
				);
				PRODUCT_BUNDLE_IDENTIFIER = com.faizmokhtar.AzanTests;
				PRODUCT_NAME = "$(TARGET_NAME)";
				SWIFT_VERSION = 5.0;
				TARGETED_DEVICE_FAMILY = "1,2";
				TEST_HOST = "$(BUILT_PRODUCTS_DIR)/Azan.app/Azan";
			};
			name = Debug;
		};
		98B5DD6B244B342300C74586 /* Release */ = {
			isa = XCBuildConfiguration;
			buildSettings = {
				ALWAYS_EMBED_SWIFT_STANDARD_LIBRARIES = YES;
				BUNDLE_LOADER = "$(TEST_HOST)";
				CODE_SIGN_STYLE = Automatic;
				DEVELOPMENT_TEAM = 96ZJY6AYCD;
				INFOPLIST_FILE = AzanTests/Info.plist;
				IPHONEOS_DEPLOYMENT_TARGET = 13.2;
				LD_RUNPATH_SEARCH_PATHS = (
					"$(inherited)",
					"@executable_path/Frameworks",
					"@loader_path/Frameworks",
				);
				PRODUCT_BUNDLE_IDENTIFIER = com.faizmokhtar.AzanTests;
				PRODUCT_NAME = "$(TARGET_NAME)";
				SWIFT_VERSION = 5.0;
				TARGETED_DEVICE_FAMILY = "1,2";
				TEST_HOST = "$(BUILT_PRODUCTS_DIR)/Azan.app/Azan";
			};
			name = Release;
		};
/* End XCBuildConfiguration section */

/* Begin XCConfigurationList section */
		98B5DD42244B342000C74586 /* Build configuration list for PBXProject "Azan" */ = {
			isa = XCConfigurationList;
			buildConfigurations = (
				98B5DD64244B342300C74586 /* Debug */,
				98B5DD65244B342300C74586 /* Release */,
			);
			defaultConfigurationIsVisible = 0;
			defaultConfigurationName = Release;
		};
		98B5DD66244B342300C74586 /* Build configuration list for PBXNativeTarget "Azan" */ = {
			isa = XCConfigurationList;
			buildConfigurations = (
				98B5DD67244B342300C74586 /* Debug */,
				98B5DD68244B342300C74586 /* Release */,
			);
			defaultConfigurationIsVisible = 0;
			defaultConfigurationName = Release;
		};
		98B5DD69244B342300C74586 /* Build configuration list for PBXNativeTarget "AzanTests" */ = {
			isa = XCConfigurationList;
			buildConfigurations = (
				98B5DD6A244B342300C74586 /* Debug */,
				98B5DD6B244B342300C74586 /* Release */,
			);
			defaultConfigurationIsVisible = 0;
			defaultConfigurationName = Release;
		};
/* End XCConfigurationList section */
	};
	rootObject = 98B5DD3F244B342000C74586 /* Project object */;
}
